<?xml version="1.0" encoding="utf-8"?>
<Project ToolsVersion="4.0" xmlns="http://schemas.microsoft.com/developer/msbuild/2003">
  <ItemGroup>
    <CudaCompile Include="kernel.cu" />
  </ItemGroup>
  <ItemGroup>
    <ClInclude Include="Format.h" />
    <ClInclude Include="Test.hpp" />
    <ClInclude Include="Matrix\MatrixAdvCalc.hpp">
      <Filter>Matrix</Filter>
    </ClInclude>
    <ClInclude Include="Matrix\MatrixCalc.hpp">
      <Filter>Matrix</Filter>
    </ClInclude>
    <ClInclude Include="Matrix\MatrixCalcCUDA.cuh">
      <Filter>Matrix</Filter>
    </ClInclude>
    <ClInclude Include="Matrix\MatrixConstructor.hpp">
      <Filter>Matrix</Filter>
    </ClInclude>
    <ClInclude Include="Matrix\MatrixOperator.hpp">
      <Filter>Matrix</Filter>
    </ClInclude>
    <ClInclude Include="Matrix\MatrixUtil.hpp">
      <Filter>Matrix</Filter>
    </ClInclude>
    <ClInclude Include="Matrix\Matrix.h">
      <Filter>Matrix</Filter>
    </ClInclude>
  </ItemGroup>
  <ItemGroup>
    <Filter Include="Matrix">
      <UniqueIdentifier>{a1781811-cf8d-44a2-9aa9-c93231420b75}</UniqueIdentifier>
    </Filter>
  </ItemGroup>
  <ItemGroup>
    <None Include="Matrix\Matrix">
      <Filter>Matrix</Filter>
    </None>
  </ItemGroup>
</Project>